
Microsoft Visual Studio Solution File, Format Version 12.00
# Visual Studio Version 16
VisualStudioVersion = 16.0.30225.117
MinimumVisualStudioVersion = 10.0.40219.1
Project("{FAE04EC0-301F-11D3-BF4B-00C04F79EFBC}") = "ParkProject", "ParkProject\ParkProject.csproj", "{AE1954F8-274C-40A0-BC4F-E6E9EB438122}"
EndProject
Project("{FAE04EC0-301F-11D3-BF4B-00C04F79EFBC}") = "ParkProjectApi", "ParkProjectApi\ParkProjectApi.csproj", "{5794D155-37A8-4C6A-A6BA-8C2100A8D45A}"
EndProject
Global
	GlobalSection(SolutionConfigurationPlatforms) = preSolution
		Debug|Any CPU = Debug|Any CPU
		Release|Any CPU = Release|Any CPU
	EndGlobalSection
	GlobalSection(ProjectConfigurationPlatforms) = postSolution
		{AE1954F8-274C-40A0-BC4F-E6E9EB438122}.Debug|Any CPU.ActiveCfg = Debug|Any CPU
		{AE1954F8-274C-40A0-BC4F-E6E9EB438122}.Debug|Any CPU.Build.0 = Debug|Any CPU
		{AE1954F8-274C-40A0-BC4F-E6E9EB438122}.Release|Any CPU.ActiveCfg = Release|Any CPU
		{AE1954F8-274C-40A0-BC4F-E6E9EB438122}.Release|Any CPU.Build.0 = Release|Any CPU
		{5794D155-37A8-4C6A-A6BA-8C2100A8D45A}.Debug|Any CPU.ActiveCfg = Debug|Any CPU
		{5794D155-37A8-4C6A-A6BA-8C2100A8D45A}.Debug|Any CPU.Build.0 = Debug|Any CPU
		{5794D155-37A8-4C6A-A6BA-8C2100A8D45A}.Release|Any CPU.ActiveCfg = Release|Any CPU
		{5794D155-37A8-4C6A-A6BA-8C2100A8D45A}.Release|Any CPU.Build.0 = Release|Any CPU
	EndGlobalSection
	GlobalSection(SolutionProperties) = preSolution
		HideSolutionNode = FALSE
	EndGlobalSection
	GlobalSection(ExtensibilityGlobals) = postSolution
		SolutionGuid = {18EDEAF3-A28E-4704-80AA-48C676E2A815}
	EndGlobalSection
EndGlobal
